
Microsoft Visual Studio Solution File, Format Version 12.00
Project("{FAE04EC0-301F-11D3-BF4B-00C04F79EFBC}") = "InfinitePay", "InfinitePay\InfinitePay.csproj", "{30858450-D814-45C9-BC67-8449FA4D8E7D}"
EndProject
Global
	GlobalSection(SolutionConfigurationPlatforms) = preSolution
		Debug|Any CPU = Debug|Any CPU
		Release|Any CPU = Release|Any CPU
	EndGlobalSection
	GlobalSection(ProjectConfigurationPlatforms) = postSolution
		{30858450-D814-45C9-BC67-8449FA4D8E7D}.Debug|Any CPU.ActiveCfg = Debug|Any CPU
		{30858450-D814-45C9-BC67-8449FA4D8E7D}.Debug|Any CPU.Build.0 = Debug|Any CPU
		{30858450-D814-45C9-BC67-8449FA4D8E7D}.Release|Any CPU.ActiveCfg = Release|Any CPU
		{30858450-D814-45C9-BC67-8449FA4D8E7D}.Release|Any CPU.Build.0 = Release|Any CPU
	EndGlobalSection
EndGlobal
